
Microsoft Visual Studio Solution File, Format Version 12.00
# Visual Studio Version 16
VisualStudioVersion = 16.0.30621.155
MinimumVisualStudioVersion = 10.0.40219.1
Project("{9A19103F-16F7-4668-BE54-9A1E7A4F7556}") = "HotelFinder.Entities", "HotelFinder.Entities\HotelFinder.Entities.csproj", "{EF1719E1-377B-4A49-ACE1-0BAF456A5D57}"
EndProject
Project("{9A19103F-16F7-4668-BE54-9A1E7A4F7556}") = "HotelFinder.DataAccess", "HotelFinder.DataAccess\HotelFinder.DataAccess.csproj", "{703B4EBC-7ABB-4568-98C0-0F992ECC1A9E}"
EndProject
Project("{FAE04EC0-301F-11D3-BF4B-00C04F79EFBC}") = "HotelFinder.Business", "HotelFinder.Business\HotelFinder.Business.csproj", "{3D0EE2D8-016E-4B5F-A8CB-8263EC502FC2}"
EndProject
Project("{FAE04EC0-301F-11D3-BF4B-00C04F79EFBC}") = "HotelFinder.API", "HotelFinder.API\HotelFinder.API.csproj", "{B29C911D-4DE6-42AE-A553-95D11CEB25A0}"
EndProject
Global
	GlobalSection(SolutionConfigurationPlatforms) = preSolution
		Debug|Any CPU = Debug|Any CPU
		Release|Any CPU = Release|Any CPU
	EndGlobalSection
	GlobalSection(ProjectConfigurationPlatforms) = postSolution
		{EF1719E1-377B-4A49-ACE1-0BAF456A5D57}.Debug|Any CPU.ActiveCfg = Debug|Any CPU
		{EF1719E1-377B-4A49-ACE1-0BAF456A5D57}.Debug|Any CPU.Build.0 = Debug|Any CPU
		{EF1719E1-377B-4A49-ACE1-0BAF456A5D57}.Release|Any CPU.ActiveCfg = Release|Any CPU
		{EF1719E1-377B-4A49-ACE1-0BAF456A5D57}.Release|Any CPU.Build.0 = Release|Any CPU
		{703B4EBC-7ABB-4568-98C0-0F992ECC1A9E}.Debug|Any CPU.ActiveCfg = Debug|Any CPU
		{703B4EBC-7ABB-4568-98C0-0F992ECC1A9E}.Debug|Any CPU.Build.0 = Debug|Any CPU
		{703B4EBC-7ABB-4568-98C0-0F992ECC1A9E}.Release|Any CPU.ActiveCfg = Release|Any CPU
		{703B4EBC-7ABB-4568-98C0-0F992ECC1A9E}.Release|Any CPU.Build.0 = Release|Any CPU
		{3D0EE2D8-016E-4B5F-A8CB-8263EC502FC2}.Debug|Any CPU.ActiveCfg = Debug|Any CPU
		{3D0EE2D8-016E-4B5F-A8CB-8263EC502FC2}.Debug|Any CPU.Build.0 = Debug|Any CPU
		{3D0EE2D8-016E-4B5F-A8CB-8263EC502FC2}.Release|Any CPU.ActiveCfg = Release|Any CPU
		{3D0EE2D8-016E-4B5F-A8CB-8263EC502FC2}.Release|Any CPU.Build.0 = Release|Any CPU
		{B29C911D-4DE6-42AE-A553-95D11CEB25A0}.Debug|Any CPU.ActiveCfg = Debug|Any CPU
		{B29C911D-4DE6-42AE-A553-95D11CEB25A0}.Debug|Any CPU.Build.0 = Debug|Any CPU
		{B29C911D-4DE6-42AE-A553-95D11CEB25A0}.Release|Any CPU.ActiveCfg = Release|Any CPU
		{B29C911D-4DE6-42AE-A553-95D11CEB25A0}.Release|Any CPU.Build.0 = Release|Any CPU
	EndGlobalSection
	GlobalSection(SolutionProperties) = preSolution
		HideSolutionNode = FALSE
	EndGlobalSection
	GlobalSection(ExtensibilityGlobals) = postSolution
		SolutionGuid = {9801CA78-C2C6-45FF-B972-9635A042150C}
	EndGlobalSection
EndGlobal
