
Microsoft Visual Studio Solution File, Format Version 12.00
# Visual Studio Version 16
VisualStudioVersion = 16.0.30621.155
MinimumVisualStudioVersion = 10.0.40219.1
Project("{9A19103F-16F7-4668-BE54-9A1E7A4F7556}") = "LibraryApplication", "LibraryApplication\LibraryApplication.csproj", "{67CB0C43-C089-4A77-95AA-3D14F5E5BA8C}"
EndProject
Project("{9A19103F-16F7-4668-BE54-9A1E7A4F7556}") = "LibraryApplication.Entities", "LibraryApplication.Entities\LibraryApplication.Entities.csproj", "{73569895-C897-4941-AD20-C29AE5A8D7F7}"
EndProject
Project("{9A19103F-16F7-4668-BE54-9A1E7A4F7556}") = "LibraryApplication.DataAccess", "LibraryApplication.DataAccess\LibraryApplication.DataAccess.csproj", "{2D9591EC-C3EB-4065-AF46-06DEC4DF9615}"
EndProject
Project("{FAE04EC0-301F-11D3-BF4B-00C04F79EFBC}") = "LibraryApplication.Business", "LibraryApplication.Business\LibraryApplication.Business.csproj", "{3D135FD5-9DF8-4092-9412-6B46E3C1588A}"
EndProject
Global
	GlobalSection(SolutionConfigurationPlatforms) = preSolution
		Debug|Any CPU = Debug|Any CPU
		Release|Any CPU = Release|Any CPU
	EndGlobalSection
	GlobalSection(ProjectConfigurationPlatforms) = postSolution
		{67CB0C43-C089-4A77-95AA-3D14F5E5BA8C}.Debug|Any CPU.ActiveCfg = Debug|Any CPU
		{67CB0C43-C089-4A77-95AA-3D14F5E5BA8C}.Debug|Any CPU.Build.0 = Debug|Any CPU
		{67CB0C43-C089-4A77-95AA-3D14F5E5BA8C}.Release|Any CPU.ActiveCfg = Release|Any CPU
		{67CB0C43-C089-4A77-95AA-3D14F5E5BA8C}.Release|Any CPU.Build.0 = Release|Any CPU
		{73569895-C897-4941-AD20-C29AE5A8D7F7}.Debug|Any CPU.ActiveCfg = Debug|Any CPU
		{73569895-C897-4941-AD20-C29AE5A8D7F7}.Debug|Any CPU.Build.0 = Debug|Any CPU
		{73569895-C897-4941-AD20-C29AE5A8D7F7}.Release|Any CPU.ActiveCfg = Release|Any CPU
		{73569895-C897-4941-AD20-C29AE5A8D7F7}.Release|Any CPU.Build.0 = Release|Any CPU
		{2D9591EC-C3EB-4065-AF46-06DEC4DF9615}.Debug|Any CPU.ActiveCfg = Debug|Any CPU
		{2D9591EC-C3EB-4065-AF46-06DEC4DF9615}.Debug|Any CPU.Build.0 = Debug|Any CPU
		{2D9591EC-C3EB-4065-AF46-06DEC4DF9615}.Release|Any CPU.ActiveCfg = Release|Any CPU
		{2D9591EC-C3EB-4065-AF46-06DEC4DF9615}.Release|Any CPU.Build.0 = Release|Any CPU
		{3D135FD5-9DF8-4092-9412-6B46E3C1588A}.Debug|Any CPU.ActiveCfg = Debug|Any CPU
		{3D135FD5-9DF8-4092-9412-6B46E3C1588A}.Debug|Any CPU.Build.0 = Debug|Any CPU
		{3D135FD5-9DF8-4092-9412-6B46E3C1588A}.Release|Any CPU.ActiveCfg = Release|Any CPU
		{3D135FD5-9DF8-4092-9412-6B46E3C1588A}.Release|Any CPU.Build.0 = Release|Any CPU
	EndGlobalSection
	GlobalSection(SolutionProperties) = preSolution
		HideSolutionNode = FALSE
	EndGlobalSection
	GlobalSection(ExtensibilityGlobals) = postSolution
		SolutionGuid = {7BF31C69-66BF-41BF-AA1F-879A34C475D9}
	EndGlobalSection
EndGlobal
